
Microsoft Visual Studio Solution File, Format Version 12.00
# Visual Studio 15
VisualStudioVersion = 15.0.27130.2027
MinimumVisualStudioVersion = 10.0.40219.1
Project("{FAE04EC0-301F-11D3-BF4B-00C04F79EFBC}") = "ServiceInspection", "ServiceInspection\ServiceInspection.csproj", "{3312E61C-8DD4-4163-A7A4-F961E699C1F7}"
EndProject
Project("{FAE04EC0-301F-11D3-BF4B-00C04F79EFBC}") = "VehicleIdentificationApi", "VehicleIdentificationApi\VehicleIdentificationApi.csproj", "{B3AF4173-4BC7-4A44-82AD-26CE2A146CFC}"
EndProject
Global
	GlobalSection(SolutionConfigurationPlatforms) = preSolution
		Debug|Any CPU = Debug|Any CPU
		Release|Any CPU = Release|Any CPU
	EndGlobalSection
	GlobalSection(ProjectConfigurationPlatforms) = postSolution
		{3312E61C-8DD4-4163-A7A4-F961E699C1F7}.Debug|Any CPU.ActiveCfg = Debug|Any CPU
		{3312E61C-8DD4-4163-A7A4-F961E699C1F7}.Debug|Any CPU.Build.0 = Debug|Any CPU
		{3312E61C-8DD4-4163-A7A4-F961E699C1F7}.Release|Any CPU.ActiveCfg = Release|Any CPU
		{3312E61C-8DD4-4163-A7A4-F961E699C1F7}.Release|Any CPU.Build.0 = Release|Any CPU
		{B3AF4173-4BC7-4A44-82AD-26CE2A146CFC}.Debug|Any CPU.ActiveCfg = Debug|Any CPU
		{B3AF4173-4BC7-4A44-82AD-26CE2A146CFC}.Debug|Any CPU.Build.0 = Debug|Any CPU
		{B3AF4173-4BC7-4A44-82AD-26CE2A146CFC}.Release|Any CPU.ActiveCfg = Release|Any CPU
		{B3AF4173-4BC7-4A44-82AD-26CE2A146CFC}.Release|Any CPU.Build.0 = Release|Any CPU
	EndGlobalSection
	GlobalSection(SolutionProperties) = preSolution
		HideSolutionNode = FALSE
	EndGlobalSection
	GlobalSection(ExtensibilityGlobals) = postSolution
		SolutionGuid = {86A06234-1ADD-4B2B-9C55-0F932AC83DC8}
	EndGlobalSection
EndGlobal
